
Microsoft Visual Studio Solution File, Format Version 12.00
# Visual Studio 15
VisualStudioVersion = 15.0.28010.2050
MinimumVisualStudioVersion = 10.0.40219.1
Project("{FAE04EC0-301F-11D3-BF4B-00C04F79EFBC}") = "KeepHome.Web", "KeepHome.Web\KeepHome.Web.csproj", "{D1B97B9E-0E08-4F29-B254-B4AD73092300}"
EndProject
Project("{FAE04EC0-301F-11D3-BF4B-00C04F79EFBC}") = "KeepHome.Models", "KeepHome.Models\KeepHome.Models.csproj", "{DDB337C8-4507-40C7-8229-6453EF22C224}"
EndProject
Project("{FAE04EC0-301F-11D3-BF4B-00C04F79EFBC}") = "KeepHome.Data", "KeepHome.Data\KeepHome.Data.csproj", "{CE61CE23-CDD7-4BC1-B067-C9C90FA151E3}"
EndProject
Global
	GlobalSection(SolutionConfigurationPlatforms) = preSolution
		Debug|Any CPU = Debug|Any CPU
		Release|Any CPU = Release|Any CPU
	EndGlobalSection
	GlobalSection(ProjectConfigurationPlatforms) = postSolution
		{D1B97B9E-0E08-4F29-B254-B4AD73092300}.Debug|Any CPU.ActiveCfg = Debug|Any CPU
		{D1B97B9E-0E08-4F29-B254-B4AD73092300}.Debug|Any CPU.Build.0 = Debug|Any CPU
		{D1B97B9E-0E08-4F29-B254-B4AD73092300}.Release|Any CPU.ActiveCfg = Release|Any CPU
		{D1B97B9E-0E08-4F29-B254-B4AD73092300}.Release|Any CPU.Build.0 = Release|Any CPU
		{DDB337C8-4507-40C7-8229-6453EF22C224}.Debug|Any CPU.ActiveCfg = Debug|Any CPU
		{DDB337C8-4507-40C7-8229-6453EF22C224}.Debug|Any CPU.Build.0 = Debug|Any CPU
		{DDB337C8-4507-40C7-8229-6453EF22C224}.Release|Any CPU.ActiveCfg = Release|Any CPU
		{DDB337C8-4507-40C7-8229-6453EF22C224}.Release|Any CPU.Build.0 = Release|Any CPU
		{CE61CE23-CDD7-4BC1-B067-C9C90FA151E3}.Debug|Any CPU.ActiveCfg = Debug|Any CPU
		{CE61CE23-CDD7-4BC1-B067-C9C90FA151E3}.Debug|Any CPU.Build.0 = Debug|Any CPU
		{CE61CE23-CDD7-4BC1-B067-C9C90FA151E3}.Release|Any CPU.ActiveCfg = Release|Any CPU
		{CE61CE23-CDD7-4BC1-B067-C9C90FA151E3}.Release|Any CPU.Build.0 = Release|Any CPU
	EndGlobalSection
	GlobalSection(SolutionProperties) = preSolution
		HideSolutionNode = FALSE
	EndGlobalSection
	GlobalSection(ExtensibilityGlobals) = postSolution
		SolutionGuid = {1CEAC18C-81CA-4394-AC0E-D69F6B1795D6}
	EndGlobalSection
EndGlobal
